
Microsoft Visual Studio Solution File, Format Version 12.00
# Visual Studio Version 16
VisualStudioVersion = 16.0.31605.320
MinimumVisualStudioVersion = 10.0.40219.1
Project("{FAE04EC0-301F-11D3-BF4B-00C04F79EFBC}") = "Inmobiliaria", "Inmobiliaria\Inmobiliaria.csproj", "{281FE90D-9F46-4A40-B9AD-7C26B2BC208C}"
EndProject
Global
	GlobalSection(SolutionConfigurationPlatforms) = preSolution
		Debug|Any CPU = Debug|Any CPU
		Release|Any CPU = Release|Any CPU
	EndGlobalSection
	GlobalSection(ProjectConfigurationPlatforms) = postSolution
		{281FE90D-9F46-4A40-B9AD-7C26B2BC208C}.Debug|Any CPU.ActiveCfg = Debug|Any CPU
		{281FE90D-9F46-4A40-B9AD-7C26B2BC208C}.Debug|Any CPU.Build.0 = Debug|Any CPU
		{281FE90D-9F46-4A40-B9AD-7C26B2BC208C}.Release|Any CPU.ActiveCfg = Release|Any CPU
		{281FE90D-9F46-4A40-B9AD-7C26B2BC208C}.Release|Any CPU.Build.0 = Release|Any CPU
	EndGlobalSection
	GlobalSection(SolutionProperties) = preSolution
		HideSolutionNode = FALSE
	EndGlobalSection
	GlobalSection(ExtensibilityGlobals) = postSolution
		SolutionGuid = {166DE2DB-E1B6-4362-AE9A-0B1B29CE5E60}
	EndGlobalSection
EndGlobal
